<?xml version="1.0" encoding="utf-8"?>
<Project ToolsVersion="4.0" xmlns="http://schemas.microsoft.com/developer/msbuild/2003">
  <ItemGroup>
    <Filter Include="源文件">
      <UniqueIdentifier>{4FC737F1-C7A5-4376-A066-2A32D752A2FF}</UniqueIdentifier>
      <Extensions>cpp;c;cc;cxx;c++;cppm;ixx;def;odl;idl;hpj;bat;asm;asmx</Extensions>
    </Filter>
    <Filter Include="头文件">
      <UniqueIdentifier>{93995380-89BD-4b04-88EB-625FBE52EBFB}</UniqueIdentifier>
      <Extensions>h;hh;hpp;hxx;h++;hm;inl;inc;ipp;xsd</Extensions>
    </Filter>
    <Filter Include="资源文件">
      <UniqueIdentifier>{67DA6AB6-F800-4c08-8B7A-83BB121AAD01}</UniqueIdentifier>
      <Extensions>rc;ico;cur;bmp;dlg;rc2;rct;bin;rgs;gif;jpg;jpeg;jpe;resx;tiff;tif;png;wav;mfcribbon-ms</Extensions>
    </Filter>
  </ItemGroup>
  <ItemGroup>
    <ClCompile Include="Sources\Nacy\Core\GameWindow.cpp">
      <Filter>源文件</Filter>
    </ClCompile>
    <ClCompile Include="Sources\Nacy\Core\Application.cpp">
      <Filter>源文件</Filter>
    </ClCompile>
    <ClCompile Include="Sources\Nacy\Util\Utilities.cpp">
      <Filter>源文件</Filter>
    </ClCompile>
    <ClCompile Include="Sources\Nacy\Manager\Assets\ResourceManager.cpp">
      <Filter>源文件</Filter>
    </ClCompile>
    <ClCompile Include="Sources\Nacy\Manager\Shader\Shader.cpp">
      <Filter>源文件</Filter>
    </ClCompile>
    <ClCompile Include="Sources\Nacy\Render\Shape.cpp">
      <Filter>源文件</Filter>
    </ClCompile>
    <ClCompile Include="Sources\Nacy\Render\Sprite.cpp">
      <Filter>源文件</Filter>
    </ClCompile>
    <ClCompile Include="Sources\Nacy\Render\Text.cpp">
      <Filter>源文件</Filter>
    </ClCompile>
    <ClCompile Include="Sources\Nacy\Render\Texture.cpp">
      <Filter>源文件</Filter>
    </ClCompile>
    <ClCompile Include="Sources\pch.cpp">
      <Filter>源文件</Filter>
    </ClCompile>
    <ClCompile Include="Sources\Nacy\Math\Vector.cpp">
      <Filter>源文件</Filter>
    </ClCompile>
    <ClCompile Include="Sources\Nacy\Manager\Scene\Scene.cpp">
      <Filter>源文件</Filter>
    </ClCompile>
    <ClCompile Include="Sources\Nacy\Object\GameObject.cpp">
      <Filter>源文件</Filter>
    </ClCompile>
    <ClCompile Include="Sources\Nacy\Render\Renderer.cpp">
      <Filter>源文件</Filter>
    </ClCompile>
    <ClCompile Include="Sources\Nacy\Core\Event\Event.cpp">
      <Filter>源文件</Filter>
    </ClCompile>
    <ClCompile Include="Sources\Nacy\Util\Logger\Logger.cpp">
      <Filter>源文件</Filter>
    </ClCompile>
    <ClCompile Include="Sources\Nacy\Util\Animation\Animation.cpp">
      <Filter>源文件</Filter>
    </ClCompile>
    <ClCompile Include="Sources\Nacy\Manager\Scene\SceneManager.cpp">
      <Filter>源文件</Filter>
    </ClCompile>
    <ClCompile Include="Sources\Nacy\Core\Event\Events\KeyEvent.hpp">
      <Filter>头文件</Filter>
    </ClCompile>
    <ClCompile Include="Sources\Nacy\Manager\OpenGL\GLManager.cpp">
      <Filter>源文件</Filter>
    </ClCompile>
    <ClCompile Include="Sources\Nacy\Manager\Carema\Camera.cpp">
      <Filter>源文件</Filter>
    </ClCompile>
    <ClCompile Include="Sources\Nacy\Manager\Input\InputManager.cpp">
      <Filter>源文件</Filter>
    </ClCompile>
    <ClCompile Include="Sources\Nacy\Manager\Camera\Camera.cpp">
      <Filter>源文件</Filter>
    </ClCompile>
  </ItemGroup>
  <ItemGroup>
    <ClInclude Include="Sources\Nacy\Core\Core.h">
      <Filter>头文件</Filter>
    </ClInclude>
    <ClInclude Include="Sources\Nacy\Core\GameWindow.h">
      <Filter>头文件</Filter>
    </ClInclude>
    <ClInclude Include="Sources\Nacy\Core\Application.h">
      <Filter>头文件</Filter>
    </ClInclude>
    <ClInclude Include="Sources\Nacy\Util\Utilities.h">
      <Filter>头文件</Filter>
    </ClInclude>
    <ClInclude Include="Sources\Nacy\Manager\Assets\ResourceManager.h">
      <Filter>头文件</Filter>
    </ClInclude>
    <ClInclude Include="Sources\Nacy\Manager\Shader\Shader.h">
      <Filter>头文件</Filter>
    </ClInclude>
    <ClInclude Include="Sources\Nacy\Render\Shape.h">
      <Filter>头文件</Filter>
    </ClInclude>
    <ClInclude Include="Sources\Nacy\Render\Sprite.h">
      <Filter>头文件</Filter>
    </ClInclude>
    <ClInclude Include="Sources\Nacy\Render\Text.h">
      <Filter>头文件</Filter>
    </ClInclude>
    <ClInclude Include="Sources\Nacy\Render\Texture.h">
      <Filter>头文件</Filter>
    </ClInclude>
    <ClInclude Include="Sources\Nacy\Render\Graphic.hpp">
      <Filter>头文件</Filter>
    </ClInclude>
    <ClInclude Include="Sources\pch.h">
      <Filter>头文件</Filter>
    </ClInclude>
    <ClInclude Include="Sources\Nacy\Core\Event\Event.h">
      <Filter>头文件</Filter>
    </ClInclude>
    <ClInclude Include="Sources\Nacy\Math\Vector.h">
      <Filter>头文件</Filter>
    </ClInclude>
    <ClInclude Include="Sources\Nacy\Manager\Scene\Scene.h">
      <Filter>头文件</Filter>
    </ClInclude>
    <ClInclude Include="Sources\NacyEngine.h">
      <Filter>头文件</Filter>
    </ClInclude>
    <ClInclude Include="Sources\Nacy\Object\GameObject.h">
      <Filter>头文件</Filter>
    </ClInclude>
    <ClInclude Include="Sources\Nacy\Object\Components\Interface\ShapeComponent.hpp">
      <Filter>头文件</Filter>
    </ClInclude>
    <ClInclude Include="Sources\Nacy\Core\Event\Events\MouseEvent.hpp">
      <Filter>头文件</Filter>
    </ClInclude>
    <ClInclude Include="Sources\Nacy\Object\Components\Game\SpriteComponent.hpp">
      <Filter>头文件</Filter>
    </ClInclude>
    <ClInclude Include="Sources\Nacy\Render\Renderer.h">
      <Filter>头文件</Filter>
    </ClInclude>
    <ClInclude Include="Sources\Nacy\Util\Logger\Logger.h">
      <Filter>头文件</Filter>
    </ClInclude>
    <ClInclude Include="Sources\Nacy\Util\Animation\Animation.h">
      <Filter>头文件</Filter>
    </ClInclude>
    <ClInclude Include="Sources\Nacy\Manager\Scene\SceneManager.h">
      <Filter>头文件</Filter>
    </ClInclude>
    <ClInclude Include="Sources\Nacy\Object\Components\Game\TransformComponent.hpp">
      <Filter>头文件</Filter>
    </ClInclude>
    <ClInclude Include="Sources\Nacy\Object\Components\Interface\TextLableComponent.hpp">
      <Filter>头文件</Filter>
    </ClInclude>
    <ClInclude Include="Sources\Nacy\Object\Components\Component.hpp">
      <Filter>头文件</Filter>
    </ClInclude>
    <ClInclude Include="Sources\Nacy\Object\Components\Game\DelayComponent.hpp">
      <Filter>头文件</Filter>
    </ClInclude>
    <ClInclude Include="Sources\Nacy\Core\Event\Events\WindowEvent.hpp">
      <Filter>头文件</Filter>
    </ClInclude>
    <ClInclude Include="Sources\Nacy\Manager\OpenGL\GLManager.h">
      <Filter>头文件</Filter>
    </ClInclude>
    <ClInclude Include="Sources\Nacy\Manager\Carema\Camera.h">
      <Filter>头文件</Filter>
    </ClInclude>
    <ClInclude Include="Sources\Nacy\Manager\Input\InputManager.h">
      <Filter>头文件</Filter>
    </ClInclude>
    <ClInclude Include="Sources\Nacy\Manager\Camera\Camera.h">
      <Filter>头文件</Filter>
    </ClInclude>
  </ItemGroup>
  <ItemGroup>
    <Image Include="NacyRes\nacy.png">
      <Filter>资源文件</Filter>
    </Image>
  </ItemGroup>
  <ItemGroup>
    <Font Include="NacyRes\Comici.ttf">
      <Filter>资源文件</Filter>
    </Font>
  </ItemGroup>
  <ItemGroup>
    <None Include="cpp.hint" />
  </ItemGroup>
</Project>